
Microsoft Visual Studio Solution File, Format Version 12.00
# Visual Studio Version 17
VisualStudioVersion = 17.10.35122.118
MinimumVisualStudioVersion = 10.0.40219.1
Project("{2150E333-8FDC-42A3-9474-1A3956D46DE8}") = "Task0", "Task0", "{C8EFB541-B62B-444D-87F4-119390BB0FCF}"
EndProject
Project("{FAE04EC0-301F-11D3-BF4B-00C04F79EFBC}") = "Tyuiu.FattahovAA.Sprint0.Task0.V0", "Tyuiu.FattahovAA.Sprint0.Task0.V0\Tyuiu.FattahovAA.Sprint0.Task0.V0.csproj", "{D8281C7E-E549-4CB1-82AD-0409A793E0C6}"
EndProject
Global
	GlobalSection(SolutionConfigurationPlatforms) = preSolution
		Debug|Any CPU = Debug|Any CPU
		Release|Any CPU = Release|Any CPU
	EndGlobalSection
	GlobalSection(ProjectConfigurationPlatforms) = postSolution
		{D8281C7E-E549-4CB1-82AD-0409A793E0C6}.Debug|Any CPU.ActiveCfg = Debug|Any CPU
		{D8281C7E-E549-4CB1-82AD-0409A793E0C6}.Debug|Any CPU.Build.0 = Debug|Any CPU
		{D8281C7E-E549-4CB1-82AD-0409A793E0C6}.Release|Any CPU.ActiveCfg = Release|Any CPU
		{D8281C7E-E549-4CB1-82AD-0409A793E0C6}.Release|Any CPU.Build.0 = Release|Any CPU
	EndGlobalSection
	GlobalSection(SolutionProperties) = preSolution
		HideSolutionNode = FALSE
	EndGlobalSection
	GlobalSection(NestedProjects) = preSolution
		{D8281C7E-E549-4CB1-82AD-0409A793E0C6} = {C8EFB541-B62B-444D-87F4-119390BB0FCF}
	EndGlobalSection
	GlobalSection(ExtensibilityGlobals) = postSolution
		SolutionGuid = {035AEC9E-DFE8-4C37-9EB4-9DC60F32BEBC}
	EndGlobalSection
EndGlobal
