
Microsoft Visual Studio Solution File, Format Version 12.00
# Visual Studio Version 17
VisualStudioVersion = 17.10.35122.118
MinimumVisualStudioVersion = 10.0.40219.1
Project("{2150E333-8FDC-42A3-9474-1A3956D46DE8}") = "Task0", "Task0", "{C8EFB541-B62B-444D-87F4-119390BB0FCF}"
EndProject
Project("{9A19103F-16F7-4668-BE54-9A1E7A4F7556}") = "Tyuiu.FattahovAA.Sprint0.Task0.V0", "Tyuiu.FattahovAA.Sprint0.Task0.V0\Tyuiu.FattahovAA.Sprint0.Task0.V0.csproj", "{D8281C7E-E549-4CB1-82AD-0409A793E0C6}"
EndProject
Project("{2150E333-8FDC-42A3-9474-1A3956D46DE8}") = "task1", "task1", "{52F876AB-DE95-425B-9A2E-7903847F54E6}"
EndProject
Project("{9A19103F-16F7-4668-BE54-9A1E7A4F7556}") = "Tyuiu.Fattahovaa.Sprint0.Task1.V0", "Tyuiu.Fattahovaa.Sprint0.Task1.V0\Tyuiu.Fattahovaa.Sprint0.Task1.V0.csproj", "{663358F9-85BC-4182-8C23-51D0DC7AEF85}"
EndProject
Project("{2150E333-8FDC-42A3-9474-1A3956D46DE8}") = "Task2", "Task2", "{FA562DD2-2CF7-4A19-B6A0-351441695B27}"
EndProject
Project("{9A19103F-16F7-4668-BE54-9A1E7A4F7556}") = "Tyuiu.FattahovAA.Sprint0.Task2.V0.Lib", "Tyuiu.FattahovAA.Sprint0.Task2.V0.Lib\Tyuiu.FattahovAA.Sprint0.Task2.V0.Lib.csproj", "{7BD30E3F-3334-4033-B777-8EEBE8E1CA90}"
EndProject
Project("{9A19103F-16F7-4668-BE54-9A1E7A4F7556}") = "Tyuiu.FattahovAA.Sprint0.Task2.V0", "Tyuiu.FattahovAA.Sprint0.Task2.V0\Tyuiu.FattahovAA.Sprint0.Task2.V0.csproj", "{710F5190-D5ED-4741-964C-563CEEF6A824}"
EndProject
Project("{9A19103F-16F7-4668-BE54-9A1E7A4F7556}") = "Tyuiu.FattahovAA.Sprint0.Task2.V0.Test", "Tyuiu.FattahovAA.Sprint0.Task2.V0.Test\Tyuiu.FattahovAA.Sprint0.Task2.V0.Test.csproj", "{DD685CB6-2344-4117-9FA3-E6EBA2C2AFDF}"
EndProject
Project("{2150E333-8FDC-42A3-9474-1A3956D46DE8}") = "Task3", "Task3", "{75BB82DF-2FF6-4962-9637-4E08EF283D79}"
EndProject
Project("{FAE04EC0-301F-11D3-BF4B-00C04F79EFBC}") = "Tyuiu.FattahovAA.Sprint0.Task3.V0.Lib", "Tyuiu.FattahovAA.Sprint0.Task3.V0.Lib\Tyuiu.FattahovAA.Sprint0.Task3.V0.Lib.csproj", "{430987DF-9ACF-4F32-B13E-6BB54E24B662}"
EndProject
Project("{FAE04EC0-301F-11D3-BF4B-00C04F79EFBC}") = "Tyuiu.FattahovAA.Sprint0.Task3.V0.Test", "Tyuiu.FattahovAA.Sprint0.Task3.V0.Test\Tyuiu.FattahovAA.Sprint0.Task3.V0.Test.csproj", "{A103EBD6-7962-4517-A4A4-6271916C43D9}"
EndProject
Project("{FAE04EC0-301F-11D3-BF4B-00C04F79EFBC}") = "Tyuiu.FattahovAA.Sprint0.Task3.V0", "Tyuiu.FattahovAA.Sprint0.Task3.V0\Tyuiu.FattahovAA.Sprint0.Task3.V0.csproj", "{7841288C-B3EC-4789-BBFD-71244A25FB69}"
EndProject
Project("{2150E333-8FDC-42A3-9474-1A3956D46DE8}") = "Task4", "Task4", "{3008648B-717C-47FB-8A5E-ECF9ED936422}"
EndProject
Project("{FAE04EC0-301F-11D3-BF4B-00C04F79EFBC}") = "Tyuiu.FattahovAA.Sprint0.Task4.V0.Lib", "Tyuiu.FattahovAA.Sprint0.Task4.V0.Lib\Tyuiu.FattahovAA.Sprint0.Task4.V0.Lib.csproj", "{F600766E-3685-4C0F-89A4-93CFFEE34AD7}"
EndProject
Project("{FAE04EC0-301F-11D3-BF4B-00C04F79EFBC}") = "Tyuiu.FattahovAA.Sprint0.Task4.V0.Test", "Tyuiu.FattahovAA.Sprint0.Task4.V0.Test\Tyuiu.FattahovAA.Sprint0.Task4.V0.Test.csproj", "{2C7CDB79-541F-47AE-A648-E900A718C244}"
EndProject
Project("{FAE04EC0-301F-11D3-BF4B-00C04F79EFBC}") = "Tyuiu.FattahovAA.Sprint0.Task4.V0", "Tyuiu.FattahovAA.Sprint0.Task4.V0\Tyuiu.FattahovAA.Sprint0.Task4.V0.csproj", "{9F672D47-D2F8-4B99-A9FE-2979A9FAA263}"
EndProject
Project("{FAE04EC0-301F-11D3-BF4B-00C04F79EFBC}") = "Tyuiu.FattahovAA.Sprint0.Task5.V0.Lib", "Tyuiu.FattahovAA.Sprint0.Task5.V0.Lib\Tyuiu.FattahovAA.Sprint0.Task5.V0.Lib.csproj", "{14428FF7-83DF-44CE-A067-F1371AF1D7B1}"
EndProject
Project("{2150E333-8FDC-42A3-9474-1A3956D46DE8}") = "Task5", "Task5", "{3EE6F9F6-2B7D-4211-9373-70B266C512A0}"
EndProject
Project("{FAE04EC0-301F-11D3-BF4B-00C04F79EFBC}") = "Tyuiu.FattahovAA.Sprint0.Task5.V0.Test", "Tyuiu.FattahovAA.Sprint0.Task5.V0.Test\Tyuiu.FattahovAA.Sprint0.Task5.V0.Test.csproj", "{14BE7D54-36FA-4944-A228-16328F5589AD}"
EndProject
Project("{FAE04EC0-301F-11D3-BF4B-00C04F79EFBC}") = "Tyuiu.FattahovAA.Sprint0.Task5.V0", "Tyuiu.FattahovAA.Sprint0.Task5.V0\Tyuiu.FattahovAA.Sprint0.Task5.V0.csproj", "{4E52C945-70E9-4C53-8B1B-71D552931BE1}"
EndProject
Project("{2150E333-8FDC-42A3-9474-1A3956D46DE8}") = "Task6", "Task6", "{947C15D8-CF35-46D6-A05A-B49FF7A23057}"
EndProject
Project("{FAE04EC0-301F-11D3-BF4B-00C04F79EFBC}") = "Tyuiu.FattahovAA.Sprint0.Task6.V0.Lib", "Tyuiu.FattahovAA.Sprint0.Task6.V0.Lib\Tyuiu.FattahovAA.Sprint0.Task6.V0.Lib.csproj", "{3B135499-85D7-4605-8D31-2B592CD261BB}"
EndProject
Project("{FAE04EC0-301F-11D3-BF4B-00C04F79EFBC}") = "Tyuiu.FattahovAA.Sprint0.Task6.V0.Test", "Tyuiu.FattahovAA.Sprint0.Task6.V0.Test\Tyuiu.FattahovAA.Sprint0.Task6.V0.Test.csproj", "{7F04E3B2-DBF9-44EA-BFB7-9F3E9BB179A2}"
EndProject
Project("{FAE04EC0-301F-11D3-BF4B-00C04F79EFBC}") = "Tyuiu.FattahovAA.Sprint0.Task6.V0", "Tyuiu.FattahovAA.Sprint0.Task6.V0\Tyuiu.FattahovAA.Sprint0.Task6.V0.csproj", "{C0CB8CCC-1AC9-49D2-A357-8B31DC943FBD}"
EndProject
Project("{2150E333-8FDC-42A3-9474-1A3956D46DE8}") = "Task7", "Task7", "{D0787009-2A24-47AA-922B-FF13791D0105}"
EndProject
Project("{FAE04EC0-301F-11D3-BF4B-00C04F79EFBC}") = "Tyuiu.FattahovAA.Sprint0.Task7.V0.Lib", "Tyuiu.FattahovAA.Sprint0.Task7.V0.Lib\Tyuiu.FattahovAA.Sprint0.Task7.V0.Lib.csproj", "{BE3EDECA-ABDD-4596-9C12-19C165469B75}"
EndProject
Project("{FAE04EC0-301F-11D3-BF4B-00C04F79EFBC}") = "Tyuiu.FattahovAA.Sprint0.Task7.V0.Test", "Tyuiu.FattahovAA.Sprint0.Task7.V0.Test\Tyuiu.FattahovAA.Sprint0.Task7.V0.Test.csproj", "{63DB9FBA-C2AD-4449-AB56-9F41EF0CA4D3}"
EndProject
Project("{FAE04EC0-301F-11D3-BF4B-00C04F79EFBC}") = "Tyuiu.FattahovAA.Sprint0.Task7.V0", "Tyuiu.FattahovAA.Sprint0.Task7.V0\Tyuiu.FattahovAA.Sprint0.Task7.V0.csproj", "{04B34A3D-3BFB-4DAA-AE86-68D6C59B2C0D}"
EndProject
Global
	GlobalSection(SolutionConfigurationPlatforms) = preSolution
		Debug|Any CPU = Debug|Any CPU
		Release|Any CPU = Release|Any CPU
	EndGlobalSection
	GlobalSection(ProjectConfigurationPlatforms) = postSolution
		{D8281C7E-E549-4CB1-82AD-0409A793E0C6}.Debug|Any CPU.ActiveCfg = Debug|Any CPU
		{D8281C7E-E549-4CB1-82AD-0409A793E0C6}.Debug|Any CPU.Build.0 = Debug|Any CPU
		{D8281C7E-E549-4CB1-82AD-0409A793E0C6}.Release|Any CPU.ActiveCfg = Release|Any CPU
		{D8281C7E-E549-4CB1-82AD-0409A793E0C6}.Release|Any CPU.Build.0 = Release|Any CPU
		{663358F9-85BC-4182-8C23-51D0DC7AEF85}.Debug|Any CPU.ActiveCfg = Debug|Any CPU
		{663358F9-85BC-4182-8C23-51D0DC7AEF85}.Debug|Any CPU.Build.0 = Debug|Any CPU
		{663358F9-85BC-4182-8C23-51D0DC7AEF85}.Release|Any CPU.ActiveCfg = Release|Any CPU
		{663358F9-85BC-4182-8C23-51D0DC7AEF85}.Release|Any CPU.Build.0 = Release|Any CPU
		{7BD30E3F-3334-4033-B777-8EEBE8E1CA90}.Debug|Any CPU.ActiveCfg = Debug|Any CPU
		{7BD30E3F-3334-4033-B777-8EEBE8E1CA90}.Debug|Any CPU.Build.0 = Debug|Any CPU
		{7BD30E3F-3334-4033-B777-8EEBE8E1CA90}.Release|Any CPU.ActiveCfg = Release|Any CPU
		{7BD30E3F-3334-4033-B777-8EEBE8E1CA90}.Release|Any CPU.Build.0 = Release|Any CPU
		{710F5190-D5ED-4741-964C-563CEEF6A824}.Debug|Any CPU.ActiveCfg = Debug|Any CPU
		{710F5190-D5ED-4741-964C-563CEEF6A824}.Debug|Any CPU.Build.0 = Debug|Any CPU
		{710F5190-D5ED-4741-964C-563CEEF6A824}.Release|Any CPU.ActiveCfg = Release|Any CPU
		{710F5190-D5ED-4741-964C-563CEEF6A824}.Release|Any CPU.Build.0 = Release|Any CPU
		{DD685CB6-2344-4117-9FA3-E6EBA2C2AFDF}.Debug|Any CPU.ActiveCfg = Debug|Any CPU
		{DD685CB6-2344-4117-9FA3-E6EBA2C2AFDF}.Debug|Any CPU.Build.0 = Debug|Any CPU
		{DD685CB6-2344-4117-9FA3-E6EBA2C2AFDF}.Release|Any CPU.ActiveCfg = Release|Any CPU
		{DD685CB6-2344-4117-9FA3-E6EBA2C2AFDF}.Release|Any CPU.Build.0 = Release|Any CPU
		{430987DF-9ACF-4F32-B13E-6BB54E24B662}.Debug|Any CPU.ActiveCfg = Debug|Any CPU
		{430987DF-9ACF-4F32-B13E-6BB54E24B662}.Debug|Any CPU.Build.0 = Debug|Any CPU
		{430987DF-9ACF-4F32-B13E-6BB54E24B662}.Release|Any CPU.ActiveCfg = Release|Any CPU
		{430987DF-9ACF-4F32-B13E-6BB54E24B662}.Release|Any CPU.Build.0 = Release|Any CPU
		{A103EBD6-7962-4517-A4A4-6271916C43D9}.Debug|Any CPU.ActiveCfg = Debug|Any CPU
		{A103EBD6-7962-4517-A4A4-6271916C43D9}.Debug|Any CPU.Build.0 = Debug|Any CPU
		{A103EBD6-7962-4517-A4A4-6271916C43D9}.Release|Any CPU.ActiveCfg = Release|Any CPU
		{A103EBD6-7962-4517-A4A4-6271916C43D9}.Release|Any CPU.Build.0 = Release|Any CPU
		{7841288C-B3EC-4789-BBFD-71244A25FB69}.Debug|Any CPU.ActiveCfg = Debug|Any CPU
		{7841288C-B3EC-4789-BBFD-71244A25FB69}.Debug|Any CPU.Build.0 = Debug|Any CPU
		{7841288C-B3EC-4789-BBFD-71244A25FB69}.Release|Any CPU.ActiveCfg = Release|Any CPU
		{7841288C-B3EC-4789-BBFD-71244A25FB69}.Release|Any CPU.Build.0 = Release|Any CPU
		{F600766E-3685-4C0F-89A4-93CFFEE34AD7}.Debug|Any CPU.ActiveCfg = Debug|Any CPU
		{F600766E-3685-4C0F-89A4-93CFFEE34AD7}.Debug|Any CPU.Build.0 = Debug|Any CPU
		{F600766E-3685-4C0F-89A4-93CFFEE34AD7}.Release|Any CPU.ActiveCfg = Release|Any CPU
		{F600766E-3685-4C0F-89A4-93CFFEE34AD7}.Release|Any CPU.Build.0 = Release|Any CPU
		{2C7CDB79-541F-47AE-A648-E900A718C244}.Debug|Any CPU.ActiveCfg = Debug|Any CPU
		{2C7CDB79-541F-47AE-A648-E900A718C244}.Debug|Any CPU.Build.0 = Debug|Any CPU
		{2C7CDB79-541F-47AE-A648-E900A718C244}.Release|Any CPU.ActiveCfg = Release|Any CPU
		{2C7CDB79-541F-47AE-A648-E900A718C244}.Release|Any CPU.Build.0 = Release|Any CPU
		{9F672D47-D2F8-4B99-A9FE-2979A9FAA263}.Debug|Any CPU.ActiveCfg = Debug|Any CPU
		{9F672D47-D2F8-4B99-A9FE-2979A9FAA263}.Debug|Any CPU.Build.0 = Debug|Any CPU
		{9F672D47-D2F8-4B99-A9FE-2979A9FAA263}.Release|Any CPU.ActiveCfg = Release|Any CPU
		{9F672D47-D2F8-4B99-A9FE-2979A9FAA263}.Release|Any CPU.Build.0 = Release|Any CPU
		{14428FF7-83DF-44CE-A067-F1371AF1D7B1}.Debug|Any CPU.ActiveCfg = Debug|Any CPU
		{14428FF7-83DF-44CE-A067-F1371AF1D7B1}.Debug|Any CPU.Build.0 = Debug|Any CPU
		{14428FF7-83DF-44CE-A067-F1371AF1D7B1}.Release|Any CPU.ActiveCfg = Release|Any CPU
		{14428FF7-83DF-44CE-A067-F1371AF1D7B1}.Release|Any CPU.Build.0 = Release|Any CPU
		{14BE7D54-36FA-4944-A228-16328F5589AD}.Debug|Any CPU.ActiveCfg = Debug|Any CPU
		{14BE7D54-36FA-4944-A228-16328F5589AD}.Debug|Any CPU.Build.0 = Debug|Any CPU
		{14BE7D54-36FA-4944-A228-16328F5589AD}.Release|Any CPU.ActiveCfg = Release|Any CPU
		{14BE7D54-36FA-4944-A228-16328F5589AD}.Release|Any CPU.Build.0 = Release|Any CPU
		{4E52C945-70E9-4C53-8B1B-71D552931BE1}.Debug|Any CPU.ActiveCfg = Debug|Any CPU
		{4E52C945-70E9-4C53-8B1B-71D552931BE1}.Debug|Any CPU.Build.0 = Debug|Any CPU
		{4E52C945-70E9-4C53-8B1B-71D552931BE1}.Release|Any CPU.ActiveCfg = Release|Any CPU
		{4E52C945-70E9-4C53-8B1B-71D552931BE1}.Release|Any CPU.Build.0 = Release|Any CPU
		{3B135499-85D7-4605-8D31-2B592CD261BB}.Debug|Any CPU.ActiveCfg = Debug|Any CPU
		{3B135499-85D7-4605-8D31-2B592CD261BB}.Debug|Any CPU.Build.0 = Debug|Any CPU
		{3B135499-85D7-4605-8D31-2B592CD261BB}.Release|Any CPU.ActiveCfg = Release|Any CPU
		{3B135499-85D7-4605-8D31-2B592CD261BB}.Release|Any CPU.Build.0 = Release|Any CPU
		{7F04E3B2-DBF9-44EA-BFB7-9F3E9BB179A2}.Debug|Any CPU.ActiveCfg = Debug|Any CPU
		{7F04E3B2-DBF9-44EA-BFB7-9F3E9BB179A2}.Debug|Any CPU.Build.0 = Debug|Any CPU
		{7F04E3B2-DBF9-44EA-BFB7-9F3E9BB179A2}.Release|Any CPU.ActiveCfg = Release|Any CPU
		{7F04E3B2-DBF9-44EA-BFB7-9F3E9BB179A2}.Release|Any CPU.Build.0 = Release|Any CPU
		{C0CB8CCC-1AC9-49D2-A357-8B31DC943FBD}.Debug|Any CPU.ActiveCfg = Debug|Any CPU
		{C0CB8CCC-1AC9-49D2-A357-8B31DC943FBD}.Debug|Any CPU.Build.0 = Debug|Any CPU
		{C0CB8CCC-1AC9-49D2-A357-8B31DC943FBD}.Release|Any CPU.ActiveCfg = Release|Any CPU
		{C0CB8CCC-1AC9-49D2-A357-8B31DC943FBD}.Release|Any CPU.Build.0 = Release|Any CPU
		{BE3EDECA-ABDD-4596-9C12-19C165469B75}.Debug|Any CPU.ActiveCfg = Debug|Any CPU
		{BE3EDECA-ABDD-4596-9C12-19C165469B75}.Debug|Any CPU.Build.0 = Debug|Any CPU
		{BE3EDECA-ABDD-4596-9C12-19C165469B75}.Release|Any CPU.ActiveCfg = Release|Any CPU
		{BE3EDECA-ABDD-4596-9C12-19C165469B75}.Release|Any CPU.Build.0 = Release|Any CPU
		{63DB9FBA-C2AD-4449-AB56-9F41EF0CA4D3}.Debug|Any CPU.ActiveCfg = Debug|Any CPU
		{63DB9FBA-C2AD-4449-AB56-9F41EF0CA4D3}.Debug|Any CPU.Build.0 = Debug|Any CPU
		{63DB9FBA-C2AD-4449-AB56-9F41EF0CA4D3}.Release|Any CPU.ActiveCfg = Release|Any CPU
		{63DB9FBA-C2AD-4449-AB56-9F41EF0CA4D3}.Release|Any CPU.Build.0 = Release|Any CPU
		{04B34A3D-3BFB-4DAA-AE86-68D6C59B2C0D}.Debug|Any CPU.ActiveCfg = Debug|Any CPU
		{04B34A3D-3BFB-4DAA-AE86-68D6C59B2C0D}.Debug|Any CPU.Build.0 = Debug|Any CPU
		{04B34A3D-3BFB-4DAA-AE86-68D6C59B2C0D}.Release|Any CPU.ActiveCfg = Release|Any CPU
		{04B34A3D-3BFB-4DAA-AE86-68D6C59B2C0D}.Release|Any CPU.Build.0 = Release|Any CPU
	EndGlobalSection
	GlobalSection(SolutionProperties) = preSolution
		HideSolutionNode = FALSE
	EndGlobalSection
	GlobalSection(NestedProjects) = preSolution
		{D8281C7E-E549-4CB1-82AD-0409A793E0C6} = {C8EFB541-B62B-444D-87F4-119390BB0FCF}
		{663358F9-85BC-4182-8C23-51D0DC7AEF85} = {52F876AB-DE95-425B-9A2E-7903847F54E6}
		{7BD30E3F-3334-4033-B777-8EEBE8E1CA90} = {FA562DD2-2CF7-4A19-B6A0-351441695B27}
		{710F5190-D5ED-4741-964C-563CEEF6A824} = {FA562DD2-2CF7-4A19-B6A0-351441695B27}
		{DD685CB6-2344-4117-9FA3-E6EBA2C2AFDF} = {FA562DD2-2CF7-4A19-B6A0-351441695B27}
		{430987DF-9ACF-4F32-B13E-6BB54E24B662} = {75BB82DF-2FF6-4962-9637-4E08EF283D79}
		{A103EBD6-7962-4517-A4A4-6271916C43D9} = {75BB82DF-2FF6-4962-9637-4E08EF283D79}
		{7841288C-B3EC-4789-BBFD-71244A25FB69} = {75BB82DF-2FF6-4962-9637-4E08EF283D79}
		{F600766E-3685-4C0F-89A4-93CFFEE34AD7} = {3008648B-717C-47FB-8A5E-ECF9ED936422}
		{2C7CDB79-541F-47AE-A648-E900A718C244} = {3008648B-717C-47FB-8A5E-ECF9ED936422}
		{9F672D47-D2F8-4B99-A9FE-2979A9FAA263} = {3008648B-717C-47FB-8A5E-ECF9ED936422}
		{14428FF7-83DF-44CE-A067-F1371AF1D7B1} = {3EE6F9F6-2B7D-4211-9373-70B266C512A0}
		{14BE7D54-36FA-4944-A228-16328F5589AD} = {3EE6F9F6-2B7D-4211-9373-70B266C512A0}
		{4E52C945-70E9-4C53-8B1B-71D552931BE1} = {3EE6F9F6-2B7D-4211-9373-70B266C512A0}
		{3B135499-85D7-4605-8D31-2B592CD261BB} = {947C15D8-CF35-46D6-A05A-B49FF7A23057}
		{7F04E3B2-DBF9-44EA-BFB7-9F3E9BB179A2} = {947C15D8-CF35-46D6-A05A-B49FF7A23057}
		{C0CB8CCC-1AC9-49D2-A357-8B31DC943FBD} = {947C15D8-CF35-46D6-A05A-B49FF7A23057}
		{BE3EDECA-ABDD-4596-9C12-19C165469B75} = {D0787009-2A24-47AA-922B-FF13791D0105}
		{63DB9FBA-C2AD-4449-AB56-9F41EF0CA4D3} = {D0787009-2A24-47AA-922B-FF13791D0105}
		{04B34A3D-3BFB-4DAA-AE86-68D6C59B2C0D} = {D0787009-2A24-47AA-922B-FF13791D0105}
	EndGlobalSection
	GlobalSection(ExtensibilityGlobals) = postSolution
		SolutionGuid = {035AEC9E-DFE8-4C37-9EB4-9DC60F32BEBC}
	EndGlobalSection
EndGlobal
